{
  "requires": true,
  "lockfileVersion": 1,
  "dependencies": {
    "babel-runtime": {
      "version": "6.26.0",
      "resolved": "https://registry.npmjs.org/babel-runtime/-/babel-runtime-6.26.0.tgz",
      "integrity": "sha1-llxwWGaOgrVde/4E/yM3vItWR/4=",
      "requires": {
        "core-js": "2.5.3",
        "regenerator-runtime": "0.11.1"
      }
    },
    "core-js": {
      "version": "2.5.3",
      "resolved": "https://registry.npmjs.org/core-js/-/core-js-2.5.3.tgz",
      "integrity": "sha1-isw4NFgk8W2DZbfJtCWRaOjtYD4="
    },
    "jsqr": {
      "version": "0.2.2",
      "resolved": "https://registry.npmjs.org/jsqr/-/jsqr-0.2.2.tgz",
      "integrity": "sha1-jB8Ceft8lFQqqp6K63xyLVI+oJI="
    },
    "lodash": {
      "version": "4.17.4",
      "resolved": "https://registry.npmjs.org/lodash/-/lodash-4.17.4.tgz",
      "integrity": "sha1-eCA6TRwyiuHYbcpkYONptX9AVa4="
    },
    "regenerator-runtime": {
      "version": "0.11.1",
      "resolved": "https://registry.npmjs.org/regenerator-runtime/-/regenerator-runtime-0.11.1.tgz",
      "integrity": "sha512-MguG95oij0fC3QV3URf4V2SDYGJhJnJGqvIIgdECeODCT98wSWDAJ94SSuVpYQUoTcGUIL6L4yNB7j1DFFHSBg=="
    },
    "rtcpeerconnection-shim": {
      "version": "1.2.4",
      "resolved": "https://registry.npmjs.org/rtcpeerconnection-shim/-/rtcpeerconnection-shim-1.2.4.tgz",
      "integrity": "sha512-DQ65pr+e9GYC52dVj9Pqoh2cOC3gl4956XXbPWgGvPOqX3sA3nmv3qvf9OMyYq5MwHAQeLnYkGnJaBIRiBBIQw==",
      "requires": {
        "sdp": "2.5.0"
      }
    },
    "sdp": {
      "version": "2.5.0",
      "resolved": "https://registry.npmjs.org/sdp/-/sdp-2.5.0.tgz",
      "integrity": "sha512-4HT7gdxA+AZHl5LDdiLpagFKBS5qAKFYE71CPSNrr+2dCFg9iKXY4JSIhHKZHVnwJAzZ/4jA+z1nam4U+LoYug=="
    },
    "vue-qrcode-reader": {
      "version": "0.6.7",
      "resolved": "https://registry.npmjs.org/vue-qrcode-reader/-/vue-qrcode-reader-0.6.7.tgz",
      "integrity": "sha1-WNGWsoJSKCFW0r+5+nfWmeeDv7s=",
      "requires": {
        "babel-runtime": "6.26.0",
        "jsqr": "0.2.2",
        "lodash": "4.17.4",
        "webrtc-adapter": "6.0.3"
      }
    },
    "webrtc-adapter": {
      "version": "6.0.3",
      "resolved": "https://registry.npmjs.org/webrtc-adapter/-/webrtc-adapter-6.0.3.tgz",
      "integrity": "sha512-DOuEG/eH1maI3KOV5ClT2O0AaXvtkXmhz8n2tDhvGLLBKL4KnuhRYjNLOiD4o7qqkhvzb/3/lHwhDie4YkU+cw==",
      "requires": {
        "rtcpeerconnection-shim": "1.2.4",
        "sdp": "2.5.0"
      }
    }
  }
}
